
Microsoft Visual Studio Solution File, Format Version 12.00
# Visual Studio 14
VisualStudioVersion = 14.0.23107.0
MinimumVisualStudioVersion = 10.0.40219.1
Project("{FAE04EC0-301F-11D3-BF4B-00C04F79EFBC}") = "Alan.Excel", "Alan.Excel\Alan.Excel.csproj", "{9121B22F-6C24-42F4-A603-CE4D146B920B}"
EndProject
Project("{FAE04EC0-301F-11D3-BF4B-00C04F79EFBC}") = "Alan.Excel.Test", "Alan.Excel.Test\Alan.Excel.Test.csproj", "{49F6DC51-2E2F-47E1-B074-A4B3F15DB547}"
EndProject
Global
	GlobalSection(SolutionConfigurationPlatforms) = preSolution
		Debug|Any CPU = Debug|Any CPU
		Release|Any CPU = Release|Any CPU
	EndGlobalSection
	GlobalSection(ProjectConfigurationPlatforms) = postSolution
		{9121B22F-6C24-42F4-A603-CE4D146B920B}.Debug|Any CPU.ActiveCfg = Debug|Any CPU
		{9121B22F-6C24-42F4-A603-CE4D146B920B}.Debug|Any CPU.Build.0 = Debug|Any CPU
		{9121B22F-6C24-42F4-A603-CE4D146B920B}.Release|Any CPU.ActiveCfg = Release|Any CPU
		{9121B22F-6C24-42F4-A603-CE4D146B920B}.Release|Any CPU.Build.0 = Release|Any CPU
		{49F6DC51-2E2F-47E1-B074-A4B3F15DB547}.Debug|Any CPU.ActiveCfg = Debug|Any CPU
		{49F6DC51-2E2F-47E1-B074-A4B3F15DB547}.Debug|Any CPU.Build.0 = Debug|Any CPU
		{49F6DC51-2E2F-47E1-B074-A4B3F15DB547}.Release|Any CPU.ActiveCfg = Release|Any CPU
		{49F6DC51-2E2F-47E1-B074-A4B3F15DB547}.Release|Any CPU.Build.0 = Release|Any CPU
	EndGlobalSection
	GlobalSection(SolutionProperties) = preSolution
		HideSolutionNode = FALSE
	EndGlobalSection
EndGlobal
